
Microsoft Visual Studio Solution File, Format Version 12.00
# Visual Studio Version 17
VisualStudioVersion = 17.1.32414.318
MinimumVisualStudioVersion = 10.0.40219.1
Project("{FAE04EC0-301F-11D3-BF4B-00C04F79EFBC}") = "BookkeepingApi", "BookkeepingApi.csproj", "{55A7A5CA-0FDB-4E91-A18A-7E9A4BAA3983}"
EndProject
Global
	GlobalSection(SolutionConfigurationPlatforms) = preSolution
		Debug|Any CPU = Debug|Any CPU
		Release|Any CPU = Release|Any CPU
	EndGlobalSection
	GlobalSection(ProjectConfigurationPlatforms) = postSolution
		{55A7A5CA-0FDB-4E91-A18A-7E9A4BAA3983}.Debug|Any CPU.ActiveCfg = Debug|Any CPU
		{55A7A5CA-0FDB-4E91-A18A-7E9A4BAA3983}.Debug|Any CPU.Build.0 = Debug|Any CPU
		{55A7A5CA-0FDB-4E91-A18A-7E9A4BAA3983}.Release|Any CPU.ActiveCfg = Release|Any CPU
		{55A7A5CA-0FDB-4E91-A18A-7E9A4BAA3983}.Release|Any CPU.Build.0 = Release|Any CPU
	EndGlobalSection
	GlobalSection(SolutionProperties) = preSolution
		HideSolutionNode = FALSE
	EndGlobalSection
	GlobalSection(ExtensibilityGlobals) = postSolution
		SolutionGuid = {C86A7E35-FFAD-4DFD-8AEE-699445BBB011}
	EndGlobalSection
EndGlobal
